
Microsoft Visual Studio Solution File, Format Version 12.00
# Visual Studio 14
VisualStudioVersion = 14.0.24720.0
MinimumVisualStudioVersion = 10.0.40219.1
Project("{FAE04EC0-301F-11D3-BF4B-00C04F79EFBC}") = "Dnn.MsBuild.Attributes", "XCESS.MsBuild.Attributes\Dnn.MsBuild.Attributes.csproj", "{C83F191E-5E56-4E0E-B720-E73B1DEDE0A3}"
EndProject
Project("{FAE04EC0-301F-11D3-BF4B-00C04F79EFBC}") = "Dnn.MsBuild.Tasks", "XCESS.MsBuild.Tasks\Dnn.MsBuild.Tasks.csproj", "{D046DB10-5A07-422A-94E2-3D7CEBC27F8C}"
EndProject
Project("{FAE04EC0-301F-11D3-BF4B-00C04F79EFBC}") = "Dnn.MsBuild.Generator", "XCESS.MsBuild.Generator\Dnn.MsBuild.Generator.csproj", "{21E8D9EE-426D-4933-B029-7AB08343C3F5}"
EndProject
Project("{FAE04EC0-301F-11D3-BF4B-00C04F79EFBC}") = "XCESS.DNN.TestModule", "Website\DesktopModules\XCESS.DNN.TestModule\XCESS.DNN.TestModule.csproj", "{7FB40D2D-118D-4E83-82DB-A95B79EB3A68}"
EndProject
Global
	GlobalSection(SolutionConfigurationPlatforms) = preSolution
		Debug|Any CPU = Debug|Any CPU
		Release|Any CPU = Release|Any CPU
	EndGlobalSection
	GlobalSection(ProjectConfigurationPlatforms) = postSolution
		{C83F191E-5E56-4E0E-B720-E73B1DEDE0A3}.Debug|Any CPU.ActiveCfg = Debug|Any CPU
		{C83F191E-5E56-4E0E-B720-E73B1DEDE0A3}.Debug|Any CPU.Build.0 = Debug|Any CPU
		{C83F191E-5E56-4E0E-B720-E73B1DEDE0A3}.Release|Any CPU.ActiveCfg = Release|Any CPU
		{C83F191E-5E56-4E0E-B720-E73B1DEDE0A3}.Release|Any CPU.Build.0 = Release|Any CPU
		{D046DB10-5A07-422A-94E2-3D7CEBC27F8C}.Debug|Any CPU.ActiveCfg = Debug|Any CPU
		{D046DB10-5A07-422A-94E2-3D7CEBC27F8C}.Debug|Any CPU.Build.0 = Debug|Any CPU
		{D046DB10-5A07-422A-94E2-3D7CEBC27F8C}.Release|Any CPU.ActiveCfg = Release|Any CPU
		{D046DB10-5A07-422A-94E2-3D7CEBC27F8C}.Release|Any CPU.Build.0 = Release|Any CPU
		{21E8D9EE-426D-4933-B029-7AB08343C3F5}.Debug|Any CPU.ActiveCfg = Debug|Any CPU
		{21E8D9EE-426D-4933-B029-7AB08343C3F5}.Debug|Any CPU.Build.0 = Debug|Any CPU
		{21E8D9EE-426D-4933-B029-7AB08343C3F5}.Release|Any CPU.ActiveCfg = Release|Any CPU
		{21E8D9EE-426D-4933-B029-7AB08343C3F5}.Release|Any CPU.Build.0 = Release|Any CPU
		{7FB40D2D-118D-4E83-82DB-A95B79EB3A68}.Debug|Any CPU.ActiveCfg = Debug|Any CPU
		{7FB40D2D-118D-4E83-82DB-A95B79EB3A68}.Debug|Any CPU.Build.0 = Debug|Any CPU
		{7FB40D2D-118D-4E83-82DB-A95B79EB3A68}.Release|Any CPU.ActiveCfg = Release|Any CPU
		{7FB40D2D-118D-4E83-82DB-A95B79EB3A68}.Release|Any CPU.Build.0 = Release|Any CPU
	EndGlobalSection
	GlobalSection(SolutionProperties) = preSolution
		HideSolutionNode = FALSE
	EndGlobalSection
EndGlobal
